
Microsoft Visual Studio Solution File, Format Version 12.00
# Visual Studio Version 17
VisualStudioVersion = 17.3.32929.385
MinimumVisualStudioVersion = 10.0.40219.1
Project("{FAE04EC0-301F-11D3-BF4B-00C04F79EFBC}") = "FeedbackApp", "FeedbackApp\FeedbackApp.csproj", "{9685F864-B696-4EA7-8B2B-925137CF32E3}"
EndProject
Global
	GlobalSection(SolutionConfigurationPlatforms) = preSolution
		Debug|Any CPU = Debug|Any CPU
		Release|Any CPU = Release|Any CPU
	EndGlobalSection
	GlobalSection(ProjectConfigurationPlatforms) = postSolution
		{9685F864-B696-4EA7-8B2B-925137CF32E3}.Debug|Any CPU.ActiveCfg = Debug|Any CPU
		{9685F864-B696-4EA7-8B2B-925137CF32E3}.Debug|Any CPU.Build.0 = Debug|Any CPU
		{9685F864-B696-4EA7-8B2B-925137CF32E3}.Release|Any CPU.ActiveCfg = Release|Any CPU
		{9685F864-B696-4EA7-8B2B-925137CF32E3}.Release|Any CPU.Build.0 = Release|Any CPU
	EndGlobalSection
	GlobalSection(SolutionProperties) = preSolution
		HideSolutionNode = FALSE
	EndGlobalSection
	GlobalSection(ExtensibilityGlobals) = postSolution
		SolutionGuid = {80B37F1B-D404-4016-82EA-08768CE53B54}
	EndGlobalSection
EndGlobal
